// !$*UTF8*$!
{
	archiveVersion = 1;
	classes = {
	};
	objectVersion = 48;
	objects = {

/* Begin PBXBuildFile section */
		840C9CB51FA0DD8B00BFC6E1 /* AppDelegate.swift in Sources */ = {isa = PBXBuildFile; fileRef = 840C9CB41FA0DD8B00BFC6E1 /* AppDelegate.swift */; };
		840C9CB71FA0DD8B00BFC6E1 /* DashboardViewController.swift in Sources */ = {isa = PBXBuildFile; fileRef = 840C9CB61FA0DD8B00BFC6E1 /* DashboardViewController.swift */; };
		840C9CBA1FA0DD8B00BFC6E1 /* Main.storyboard in Resources */ = {isa = PBXBuildFile; fileRef = 840C9CB81FA0DD8B00BFC6E1 /* Main.storyboard */; };
		840C9CBD1FA0DD8B00BFC6E1 /* MoneyChecker.xcdatamodeld in Sources */ = {isa = PBXBuildFile; fileRef = 840C9CBB1FA0DD8B00BFC6E1 /* MoneyChecker.xcdatamodeld */; };
		840C9CBF1FA0DD8B00BFC6E1 /* Assets.xcassets in Resources */ = {isa = PBXBuildFile; fileRef = 840C9CBE1FA0DD8B00BFC6E1 /* Assets.xcassets */; };
		840C9CC21FA0DD8B00BFC6E1 /* LaunchScreen.storyboard in Resources */ = {isa = PBXBuildFile; fileRef = 840C9CC01FA0DD8B00BFC6E1 /* LaunchScreen.storyboard */; };
		840C9CCD1FA0DD8B00BFC6E1 /* MoneyCheckerTests.swift in Sources */ = {isa = PBXBuildFile; fileRef = 840C9CCC1FA0DD8B00BFC6E1 /* MoneyCheckerTests.swift */; };
		840C9CD81FA0DD8B00BFC6E1 /* MoneyCheckerUITests.swift in Sources */ = {isa = PBXBuildFile; fileRef = 840C9CD71FA0DD8B00BFC6E1 /* MoneyCheckerUITests.swift */; };
		840C9CE71FA0E0DF00BFC6E1 /* CategoriesViewController.swift in Sources */ = {isa = PBXBuildFile; fileRef = 840C9CE61FA0E0DF00BFC6E1 /* CategoriesViewController.swift */; };
		840C9CE91FA0E0EE00BFC6E1 /* TransactionsViewController.swift in Sources */ = {isa = PBXBuildFile; fileRef = 840C9CE81FA0E0EE00BFC6E1 /* TransactionsViewController.swift */; };
		8424C3861FA0EC2300337916 /* EditAddCategoryViewController.swift in Sources */ = {isa = PBXBuildFile; fileRef = 8424C3851FA0EC2300337916 /* EditAddCategoryViewController.swift */; };
		8424C3881FA0EC3800337916 /* EditAddTransactionViewController.swift in Sources */ = {isa = PBXBuildFile; fileRef = 8424C3871FA0EC3800337916 /* EditAddTransactionViewController.swift */; };
/* End PBXBuildFile section */

/* Begin PBXContainerItemProxy section */
		840C9CC91FA0DD8B00BFC6E1 /* PBXContainerItemProxy */ = {
			isa = PBXContainerItemProxy;
			containerPortal = 840C9CA91FA0DD8A00BFC6E1 /* Project object */;
			proxyType = 1;
			remoteGlobalIDString = 840C9CB01FA0DD8B00BFC6E1;
			remoteInfo = MoneyChecker;
		};
		840C9CD41FA0DD8B00BFC6E1 /* PBXContainerItemProxy */ = {
			isa = PBXContainerItemProxy;
			containerPortal = 840C9CA91FA0DD8A00BFC6E1 /* Project object */;
			proxyType = 1;
			remoteGlobalIDString = 840C9CB01FA0DD8B00BFC6E1;
			remoteInfo = MoneyChecker;
		};
/* End PBXContainerItemProxy section */

/* Begin PBXFileReference section */
		840C9CB11FA0DD8B00BFC6E1 /* MoneyChecker.app */ = {isa = PBXFileReference; explicitFileType = wrapper.application; includeInIndex = 0; path = MoneyChecker.app; sourceTree = BUILT_PRODUCTS_DIR; };
		840C9CB41FA0DD8B00BFC6E1 /* AppDelegate.swift */ = {isa = PBXFileReference; lastKnownFileType = sourcecode.swift; path = AppDelegate.swift; sourceTree = "<group>"; };
		840C9CB61FA0DD8B00BFC6E1 /* DashboardViewController.swift */ = {isa = PBXFileReference; lastKnownFileType = sourcecode.swift; path = DashboardViewController.swift; sourceTree = "<group>"; };
		840C9CB91FA0DD8B00BFC6E1 /* Base */ = {isa = PBXFileReference; lastKnownFileType = file.storyboard; name = Base; path = Base.lproj/Main.storyboard; sourceTree = "<group>"; };
		840C9CBC1FA0DD8B00BFC6E1 /* MoneyChecker.xcdatamodel */ = {isa = PBXFileReference; lastKnownFileType = wrapper.xcdatamodel; path = MoneyChecker.xcdatamodel; sourceTree = "<group>"; };
		840C9CBE1FA0DD8B00BFC6E1 /* Assets.xcassets */ = {isa = PBXFileReference; lastKnownFileType = folder.assetcatalog; path = Assets.xcassets; sourceTree = "<group>"; };
		840C9CC11FA0DD8B00BFC6E1 /* Base */ = {isa = PBXFileReference; lastKnownFileType = file.storyboard; name = Base; path = Base.lproj/LaunchScreen.storyboard; sourceTree = "<group>"; };
		840C9CC31FA0DD8B00BFC6E1 /* Info.plist */ = {isa = PBXFileReference; lastKnownFileType = text.plist.xml; path = Info.plist; sourceTree = "<group>"; };
		840C9CC81FA0DD8B00BFC6E1 /* MoneyCheckerTests.xctest */ = {isa = PBXFileReference; explicitFileType = wrapper.cfbundle; includeInIndex = 0; path = MoneyCheckerTests.xctest; sourceTree = BUILT_PRODUCTS_DIR; };
		840C9CCC1FA0DD8B00BFC6E1 /* MoneyCheckerTests.swift */ = {isa = PBXFileReference; lastKnownFileType = sourcecode.swift; path = MoneyCheckerTests.swift; sourceTree = "<group>"; };
		840C9CCE1FA0DD8B00BFC6E1 /* Info.plist */ = {isa = PBXFileReference; lastKnownFileType = text.plist.xml; path = Info.plist; sourceTree = "<group>"; };
		840C9CD31FA0DD8B00BFC6E1 /* MoneyCheckerUITests.xctest */ = {isa = PBXFileReference; explicitFileType = wrapper.cfbundle; includeInIndex = 0; path = MoneyCheckerUITests.xctest; sourceTree = BUILT_PRODUCTS_DIR; };
		840C9CD71FA0DD8B00BFC6E1 /* MoneyCheckerUITests.swift */ = {isa = PBXFileReference; lastKnownFileType = sourcecode.swift; path = MoneyCheckerUITests.swift; sourceTree = "<group>"; };
		840C9CD91FA0DD8B00BFC6E1 /* Info.plist */ = {isa = PBXFileReference; lastKnownFileType = text.plist.xml; path = Info.plist; sourceTree = "<group>"; };
		840C9CE61FA0E0DF00BFC6E1 /* CategoriesViewController.swift */ = {isa = PBXFileReference; lastKnownFileType = sourcecode.swift; path = CategoriesViewController.swift; sourceTree = "<group>"; };
		840C9CE81FA0E0EE00BFC6E1 /* TransactionsViewController.swift */ = {isa = PBXFileReference; lastKnownFileType = sourcecode.swift; path = TransactionsViewController.swift; sourceTree = "<group>"; };
		8424C3851FA0EC2300337916 /* EditAddCategoryViewController.swift */ = {isa = PBXFileReference; lastKnownFileType = sourcecode.swift; path = EditAddCategoryViewController.swift; sourceTree = "<group>"; };
		8424C3871FA0EC3800337916 /* EditAddTransactionViewController.swift */ = {isa = PBXFileReference; lastKnownFileType = sourcecode.swift; path = EditAddTransactionViewController.swift; sourceTree = "<group>"; };
/* End PBXFileReference section */

/* Begin PBXFrameworksBuildPhase section */
		840C9CAE1FA0DD8B00BFC6E1 /* Frameworks */ = {
			isa = PBXFrameworksBuildPhase;
			buildActionMask = 2147483647;
			files = (
			);
			runOnlyForDeploymentPostprocessing = 0;
		};
		840C9CC51FA0DD8B00BFC6E1 /* Frameworks */ = {
			isa = PBXFrameworksBuildPhase;
			buildActionMask = 2147483647;
			files = (
			);
			runOnlyForDeploymentPostprocessing = 0;
		};
		840C9CD01FA0DD8B00BFC6E1 /* Frameworks */ = {
			isa = PBXFrameworksBuildPhase;
			buildActionMask = 2147483647;
			files = (
			);
			runOnlyForDeploymentPostprocessing = 0;
		};
/* End PBXFrameworksBuildPhase section */

/* Begin PBXGroup section */
		840C9CA81FA0DD8A00BFC6E1 = {
			isa = PBXGroup;
			children = (
				840C9CB31FA0DD8B00BFC6E1 /* MoneyChecker */,
				840C9CCB1FA0DD8B00BFC6E1 /* MoneyCheckerTests */,
				840C9CD61FA0DD8B00BFC6E1 /* MoneyCheckerUITests */,
				840C9CB21FA0DD8B00BFC6E1 /* Products */,
			);
			sourceTree = "<group>";
		};
		840C9CB21FA0DD8B00BFC6E1 /* Products */ = {
			isa = PBXGroup;
			children = (
				840C9CB11FA0DD8B00BFC6E1 /* MoneyChecker.app */,
				840C9CC81FA0DD8B00BFC6E1 /* MoneyCheckerTests.xctest */,
				840C9CD31FA0DD8B00BFC6E1 /* MoneyCheckerUITests.xctest */,
			);
			name = Products;
			sourceTree = "<group>";
		};
		840C9CB31FA0DD8B00BFC6E1 /* MoneyChecker */ = {
			isa = PBXGroup;
			children = (
				840C9CE51FA0E09600BFC6E1 /* ViewControllers */,
				840C9CB41FA0DD8B00BFC6E1 /* AppDelegate.swift */,
				840C9CB81FA0DD8B00BFC6E1 /* Main.storyboard */,
				840C9CBE1FA0DD8B00BFC6E1 /* Assets.xcassets */,
				840C9CC01FA0DD8B00BFC6E1 /* LaunchScreen.storyboard */,
				840C9CC31FA0DD8B00BFC6E1 /* Info.plist */,
				840C9CBB1FA0DD8B00BFC6E1 /* MoneyChecker.xcdatamodeld */,
			);
			path = MoneyChecker;
			sourceTree = "<group>";
		};
		840C9CCB1FA0DD8B00BFC6E1 /* MoneyCheckerTests */ = {
			isa = PBXGroup;
			children = (
				840C9CCC1FA0DD8B00BFC6E1 /* MoneyCheckerTests.swift */,
				840C9CCE1FA0DD8B00BFC6E1 /* Info.plist */,
			);
			path = MoneyCheckerTests;
			sourceTree = "<group>";
		};
		840C9CD61FA0DD8B00BFC6E1 /* MoneyCheckerUITests */ = {
			isa = PBXGroup;
			children = (
				840C9CD71FA0DD8B00BFC6E1 /* MoneyCheckerUITests.swift */,
				840C9CD91FA0DD8B00BFC6E1 /* Info.plist */,
			);
			path = MoneyCheckerUITests;
			sourceTree = "<group>";
		};
		840C9CE51FA0E09600BFC6E1 /* ViewControllers */ = {
			isa = PBXGroup;
			children = (
				840C9CB61FA0DD8B00BFC6E1 /* DashboardViewController.swift */,
				8424C38A1FA0EC7100337916 /* Transaction */,
				8424C3891FA0EC3F00337916 /* Categories */,
			);
			path = ViewControllers;
			sourceTree = "<group>";
		};
		8424C3891FA0EC3F00337916 /* Categories */ = {
			isa = PBXGroup;
			children = (
				840C9CE61FA0E0DF00BFC6E1 /* CategoriesViewController.swift */,
				8424C3851FA0EC2300337916 /* EditAddCategoryViewController.swift */,
			);
			path = Categories;
			sourceTree = "<group>";
		};
		8424C38A1FA0EC7100337916 /* Transaction */ = {
			isa = PBXGroup;
			children = (
				840C9CE81FA0E0EE00BFC6E1 /* TransactionsViewController.swift */,
				8424C3871FA0EC3800337916 /* EditAddTransactionViewController.swift */,
			);
			path = Transaction;
			sourceTree = "<group>";
		};
/* End PBXGroup section */

/* Begin PBXNativeTarget section */
		840C9CB01FA0DD8B00BFC6E1 /* MoneyChecker */ = {
			isa = PBXNativeTarget;
			buildConfigurationList = 840C9CDC1FA0DD8B00BFC6E1 /* Build configuration list for PBXNativeTarget "MoneyChecker" */;
			buildPhases = (
				840C9CAD1FA0DD8B00BFC6E1 /* Sources */,
				840C9CAE1FA0DD8B00BFC6E1 /* Frameworks */,
				840C9CAF1FA0DD8B00BFC6E1 /* Resources */,
			);
			buildRules = (
			);
			dependencies = (
			);
			name = MoneyChecker;
			productName = MoneyChecker;
			productReference = 840C9CB11FA0DD8B00BFC6E1 /* MoneyChecker.app */;
			productType = "com.apple.product-type.application";
		};
		840C9CC71FA0DD8B00BFC6E1 /* MoneyCheckerTests */ = {
			isa = PBXNativeTarget;
			buildConfigurationList = 840C9CDF1FA0DD8B00BFC6E1 /* Build configuration list for PBXNativeTarget "MoneyCheckerTests" */;
			buildPhases = (
				840C9CC41FA0DD8B00BFC6E1 /* Sources */,
				840C9CC51FA0DD8B00BFC6E1 /* Frameworks */,
				840C9CC61FA0DD8B00BFC6E1 /* Resources */,
			);
			buildRules = (
			);
			dependencies = (
				840C9CCA1FA0DD8B00BFC6E1 /* PBXTargetDependency */,
			);
			name = MoneyCheckerTests;
			productName = MoneyCheckerTests;
			productReference = 840C9CC81FA0DD8B00BFC6E1 /* MoneyCheckerTests.xctest */;
			productType = "com.apple.product-type.bundle.unit-test";
		};
		840C9CD21FA0DD8B00BFC6E1 /* MoneyCheckerUITests */ = {
			isa = PBXNativeTarget;
			buildConfigurationList = 840C9CE21FA0DD8B00BFC6E1 /* Build configuration list for PBXNativeTarget "MoneyCheckerUITests" */;
			buildPhases = (
				840C9CCF1FA0DD8B00BFC6E1 /* Sources */,
				840C9CD01FA0DD8B00BFC6E1 /* Frameworks */,
				840C9CD11FA0DD8B00BFC6E1 /* Resources */,
			);
			buildRules = (
			);
			dependencies = (
				840C9CD51FA0DD8B00BFC6E1 /* PBXTargetDependency */,
			);
			name = MoneyCheckerUITests;
			productName = MoneyCheckerUITests;
			productReference = 840C9CD31FA0DD8B00BFC6E1 /* MoneyCheckerUITests.xctest */;
			productType = "com.apple.product-type.bundle.ui-testing";
		};
/* End PBXNativeTarget section */

/* Begin PBXProject section */
		840C9CA91FA0DD8A00BFC6E1 /* Project object */ = {
			isa = PBXProject;
			attributes = {
				LastSwiftUpdateCheck = 0900;
				LastUpgradeCheck = 0900;
				ORGANIZATIONNAME = RosenKostov;
				TargetAttributes = {
					840C9CB01FA0DD8B00BFC6E1 = {
						CreatedOnToolsVersion = 9.0.1;
						ProvisioningStyle = Automatic;
					};
					840C9CC71FA0DD8B00BFC6E1 = {
						CreatedOnToolsVersion = 9.0.1;
						ProvisioningStyle = Automatic;
						TestTargetID = 840C9CB01FA0DD8B00BFC6E1;
					};
					840C9CD21FA0DD8B00BFC6E1 = {
						CreatedOnToolsVersion = 9.0.1;
						ProvisioningStyle = Automatic;
						TestTargetID = 840C9CB01FA0DD8B00BFC6E1;
					};
				};
			};
			buildConfigurationList = 840C9CAC1FA0DD8A00BFC6E1 /* Build configuration list for PBXProject "MoneyChecker" */;
			compatibilityVersion = "Xcode 8.0";
			developmentRegion = en;
			hasScannedForEncodings = 0;
			knownRegions = (
				en,
				Base,
			);
			mainGroup = 840C9CA81FA0DD8A00BFC6E1;
			productRefGroup = 840C9CB21FA0DD8B00BFC6E1 /* Products */;
			projectDirPath = "";
			projectRoot = "";
			targets = (
				840C9CB01FA0DD8B00BFC6E1 /* MoneyChecker */,
				840C9CC71FA0DD8B00BFC6E1 /* MoneyCheckerTests */,
				840C9CD21FA0DD8B00BFC6E1 /* MoneyCheckerUITests */,
			);
		};
/* End PBXProject section */

/* Begin PBXResourcesBuildPhase section */
		840C9CAF1FA0DD8B00BFC6E1 /* Resources */ = {
			isa = PBXResourcesBuildPhase;
			buildActionMask = 2147483647;
			files = (
				840C9CC21FA0DD8B00BFC6E1 /* LaunchScreen.storyboard in Resources */,
				840C9CBF1FA0DD8B00BFC6E1 /* Assets.xcassets in Resources */,
				840C9CBA1FA0DD8B00BFC6E1 /* Main.storyboard in Resources */,
			);
			runOnlyForDeploymentPostprocessing = 0;
		};
		840C9CC61FA0DD8B00BFC6E1 /* Resources */ = {
			isa = PBXResourcesBuildPhase;
			buildActionMask = 2147483647;
			files = (
			);
			runOnlyForDeploymentPostprocessing = 0;
		};
		840C9CD11FA0DD8B00BFC6E1 /* Resources */ = {
			isa = PBXResourcesBuildPhase;
			buildActionMask = 2147483647;
			files = (
			);
			runOnlyForDeploymentPostprocessing = 0;
		};
/* End PBXResourcesBuildPhase section */

/* Begin PBXSourcesBuildPhase section */
		840C9CAD1FA0DD8B00BFC6E1 /* Sources */ = {
			isa = PBXSourcesBuildPhase;
			buildActionMask = 2147483647;
			files = (
				8424C3861FA0EC2300337916 /* EditAddCategoryViewController.swift in Sources */,
				840C9CB71FA0DD8B00BFC6E1 /* DashboardViewController.swift in Sources */,
				840C9CB51FA0DD8B00BFC6E1 /* AppDelegate.swift in Sources */,
				8424C3881FA0EC3800337916 /* EditAddTransactionViewController.swift in Sources */,
				840C9CE71FA0E0DF00BFC6E1 /* CategoriesViewController.swift in Sources */,
				840C9CBD1FA0DD8B00BFC6E1 /* MoneyChecker.xcdatamodeld in Sources */,
				840C9CE91FA0E0EE00BFC6E1 /* TransactionsViewController.swift in Sources */,
			);
			runOnlyForDeploymentPostprocessing = 0;
		};
		840C9CC41FA0DD8B00BFC6E1 /* Sources */ = {
			isa = PBXSourcesBuildPhase;
			buildActionMask = 2147483647;
			files = (
				840C9CCD1FA0DD8B00BFC6E1 /* MoneyCheckerTests.swift in Sources */,
			);
			runOnlyForDeploymentPostprocessing = 0;
		};
		840C9CCF1FA0DD8B00BFC6E1 /* Sources */ = {
			isa = PBXSourcesBuildPhase;
			buildActionMask = 2147483647;
			files = (
				840C9CD81FA0DD8B00BFC6E1 /* MoneyCheckerUITests.swift in Sources */,
			);
			runOnlyForDeploymentPostprocessing = 0;
		};
/* End PBXSourcesBuildPhase section */

/* Begin PBXTargetDependency section */
		840C9CCA1FA0DD8B00BFC6E1 /* PBXTargetDependency */ = {
			isa = PBXTargetDependency;
			target = 840C9CB01FA0DD8B00BFC6E1 /* MoneyChecker */;
			targetProxy = 840C9CC91FA0DD8B00BFC6E1 /* PBXContainerItemProxy */;
		};
		840C9CD51FA0DD8B00BFC6E1 /* PBXTargetDependency */ = {
			isa = PBXTargetDependency;
			target = 840C9CB01FA0DD8B00BFC6E1 /* MoneyChecker */;
			targetProxy = 840C9CD41FA0DD8B00BFC6E1 /* PBXContainerItemProxy */;
		};
/* End PBXTargetDependency section */

/* Begin PBXVariantGroup section */
		840C9CB81FA0DD8B00BFC6E1 /* Main.storyboard */ = {
			isa = PBXVariantGroup;
			children = (
				840C9CB91FA0DD8B00BFC6E1 /* Base */,
			);
			name = Main.storyboard;
			sourceTree = "<group>";
		};
		840C9CC01FA0DD8B00BFC6E1 /* LaunchScreen.storyboard */ = {
			isa = PBXVariantGroup;
			children = (
				840C9CC11FA0DD8B00BFC6E1 /* Base */,
			);
			name = LaunchScreen.storyboard;
			sourceTree = "<group>";
		};
/* End PBXVariantGroup section */

/* Begin XCBuildConfiguration section */
		840C9CDA1FA0DD8B00BFC6E1 /* Debug */ = {
			isa = XCBuildConfiguration;
			buildSettings = {
				ALWAYS_SEARCH_USER_PATHS = NO;
				CLANG_ANALYZER_NONNULL = YES;
				CLANG_ANALYZER_NUMBER_OBJECT_CONVERSION = YES_AGGRESSIVE;
				CLANG_CXX_LANGUAGE_STANDARD = "gnu++14";
				CLANG_CXX_LIBRARY = "libc++";
				CLANG_ENABLE_MODULES = YES;
				CLANG_ENABLE_OBJC_ARC = YES;
				CLANG_WARN_BLOCK_CAPTURE_AUTORELEASING = YES;
				CLANG_WARN_BOOL_CONVERSION = YES;
				CLANG_WARN_COMMA = YES;
				CLANG_WARN_CONSTANT_CONVERSION = YES;
				CLANG_WARN_DIRECT_OBJC_ISA_USAGE = YES_ERROR;
				CLANG_WARN_DOCUMENTATION_COMMENTS = YES;
				CLANG_WARN_EMPTY_BODY = YES;
				CLANG_WARN_ENUM_CONVERSION = YES;
				CLANG_WARN_INFINITE_RECURSION = YES;
				CLANG_WARN_INT_CONVERSION = YES;
				CLANG_WARN_NON_LITERAL_NULL_CONVERSION = YES;
				CLANG_WARN_OBJC_LITERAL_CONVERSION = YES;
				CLANG_WARN_OBJC_ROOT_CLASS = YES_ERROR;
				CLANG_WARN_RANGE_LOOP_ANALYSIS = YES;
				CLANG_WARN_STRICT_PROTOTYPES = YES;
				CLANG_WARN_SUSPICIOUS_MOVE = YES;
				CLANG_WARN_UNGUARDED_AVAILABILITY = YES_AGGRESSIVE;
				CLANG_WARN_UNREACHABLE_CODE = YES;
				CLANG_WARN__DUPLICATE_METHOD_MATCH = YES;
				CODE_SIGN_IDENTITY = "iPhone Developer";
				COPY_PHASE_STRIP = NO;
				DEBUG_INFORMATION_FORMAT = dwarf;
				ENABLE_STRICT_OBJC_MSGSEND = YES;
				ENABLE_TESTABILITY = YES;
				GCC_C_LANGUAGE_STANDARD = gnu11;
				GCC_DYNAMIC_NO_PIC = NO;
				GCC_NO_COMMON_BLOCKS = YES;
				GCC_OPTIMIZATION_LEVEL = 0;
				GCC_PREPROCESSOR_DEFINITIONS = (
					"DEBUG=1",
					"$(inherited)",
				);
				GCC_WARN_64_TO_32_BIT_CONVERSION = YES;
				GCC_WARN_ABOUT_RETURN_TYPE = YES_ERROR;
				GCC_WARN_UNDECLARED_SELECTOR = YES;
				GCC_WARN_UNINITIALIZED_AUTOS = YES_AGGRESSIVE;
				GCC_WARN_UNUSED_FUNCTION = YES;
				GCC_WARN_UNUSED_VARIABLE = YES;
				IPHONEOS_DEPLOYMENT_TARGET = 11.0;
				MTL_ENABLE_DEBUG_INFO = YES;
				ONLY_ACTIVE_ARCH = YES;
				SDKROOT = iphoneos;
				SWIFT_ACTIVE_COMPILATION_CONDITIONS = DEBUG;
				SWIFT_OPTIMIZATION_LEVEL = "-Onone";
			};
			name = Debug;
		};
		840C9CDB1FA0DD8B00BFC6E1 /* Release */ = {
			isa = XCBuildConfiguration;
			buildSettings = {
				ALWAYS_SEARCH_USER_PATHS = NO;
				CLANG_ANALYZER_NONNULL = YES;
				CLANG_ANALYZER_NUMBER_OBJECT_CONVERSION = YES_AGGRESSIVE;
				CLANG_CXX_LANGUAGE_STANDARD = "gnu++14";
				CLANG_CXX_LIBRARY = "libc++";
				CLANG_ENABLE_MODULES = YES;
				CLANG_ENABLE_OBJC_ARC = YES;
				CLANG_WARN_BLOCK_CAPTURE_AUTORELEASING = YES;
				CLANG_WARN_BOOL_CONVERSION = YES;
				CLANG_WARN_COMMA = YES;
				CLANG_WARN_CONSTANT_CONVERSION = YES;
				CLANG_WARN_DIRECT_OBJC_ISA_USAGE = YES_ERROR;
				CLANG_WARN_DOCUMENTATION_COMMENTS = YES;
				CLANG_WARN_EMPTY_BODY = YES;
				CLANG_WARN_ENUM_CONVERSION = YES;
				CLANG_WARN_INFINITE_RECURSION = YES;
				CLANG_WARN_INT_CONVERSION = YES;
				CLANG_WARN_NON_LITERAL_NULL_CONVERSION = YES;
				CLANG_WARN_OBJC_LITERAL_CONVERSION = YES;
				CLANG_WARN_OBJC_ROOT_CLASS = YES_ERROR;
				CLANG_WARN_RANGE_LOOP_ANALYSIS = YES;
				CLANG_WARN_STRICT_PROTOTYPES = YES;
				CLANG_WARN_SUSPICIOUS_MOVE = YES;
				CLANG_WARN_UNGUARDED_AVAILABILITY = YES_AGGRESSIVE;
				CLANG_WARN_UNREACHABLE_CODE = YES;
				CLANG_WARN__DUPLICATE_METHOD_MATCH = YES;
				CODE_SIGN_IDENTITY = "iPhone Developer";
				COPY_PHASE_STRIP = NO;
				DEBUG_INFORMATION_FORMAT = "dwarf-with-dsym";
				ENABLE_NS_ASSERTIONS = NO;
				ENABLE_STRICT_OBJC_MSGSEND = YES;
				GCC_C_LANGUAGE_STANDARD = gnu11;
				GCC_NO_COMMON_BLOCKS = YES;
				GCC_WARN_64_TO_32_BIT_CONVERSION = YES;
				GCC_WARN_ABOUT_RETURN_TYPE = YES_ERROR;
				GCC_WARN_UNDECLARED_SELECTOR = YES;
				GCC_WARN_UNINITIALIZED_AUTOS = YES_AGGRESSIVE;
				GCC_WARN_UNUSED_FUNCTION = YES;
				GCC_WARN_UNUSED_VARIABLE = YES;
				IPHONEOS_DEPLOYMENT_TARGET = 11.0;
				MTL_ENABLE_DEBUG_INFO = NO;
				SDKROOT = iphoneos;
				SWIFT_OPTIMIZATION_LEVEL = "-Owholemodule";
				VALIDATE_PRODUCT = YES;
			};
			name = Release;
		};
		840C9CDD1FA0DD8B00BFC6E1 /* Debug */ = {
			isa = XCBuildConfiguration;
			buildSettings = {
				ASSETCATALOG_COMPILER_APPICON_NAME = AppIcon;
				CODE_SIGN_STYLE = Automatic;
				DEVELOPMENT_TEAM = 7LQ9XE7Y6Y;
				INFOPLIST_FILE = MoneyChecker/Info.plist;
				LD_RUNPATH_SEARCH_PATHS = "$(inherited) @executable_path/Frameworks";
				PRODUCT_BUNDLE_IDENTIFIER = RosenKostov.MoneyChecker;
				PRODUCT_NAME = "$(TARGET_NAME)";
				SWIFT_VERSION = 4.0;
				TARGETED_DEVICE_FAMILY = "1,2";
			};
			name = Debug;
		};
		840C9CDE1FA0DD8B00BFC6E1 /* Release */ = {
			isa = XCBuildConfiguration;
			buildSettings = {
				ASSETCATALOG_COMPILER_APPICON_NAME = AppIcon;
				CODE_SIGN_STYLE = Automatic;
				DEVELOPMENT_TEAM = 7LQ9XE7Y6Y;
				INFOPLIST_FILE = MoneyChecker/Info.plist;
				LD_RUNPATH_SEARCH_PATHS = "$(inherited) @executable_path/Frameworks";
				PRODUCT_BUNDLE_IDENTIFIER = RosenKostov.MoneyChecker;
				PRODUCT_NAME = "$(TARGET_NAME)";
				SWIFT_VERSION = 4.0;
				TARGETED_DEVICE_FAMILY = "1,2";
			};
			name = Release;
		};
		840C9CE01FA0DD8B00BFC6E1 /* Debug */ = {
			isa = XCBuildConfiguration;
			buildSettings = {
				ALWAYS_EMBED_SWIFT_STANDARD_LIBRARIES = YES;
				BUNDLE_LOADER = "$(TEST_HOST)";
				CODE_SIGN_STYLE = Automatic;
				INFOPLIST_FILE = MoneyCheckerTests/Info.plist;
				LD_RUNPATH_SEARCH_PATHS = "$(inherited) @executable_path/Frameworks @loader_path/Frameworks";
				PRODUCT_BUNDLE_IDENTIFIER = RosenKostov.MoneyCheckerTests;
				PRODUCT_NAME = "$(TARGET_NAME)";
				SWIFT_VERSION = 4.0;
				TARGETED_DEVICE_FAMILY = "1,2";
				TEST_HOST = "$(BUILT_PRODUCTS_DIR)/MoneyChecker.app/MoneyChecker";
			};
			name = Debug;
		};
		840C9CE11FA0DD8B00BFC6E1 /* Release */ = {
			isa = XCBuildConfiguration;
			buildSettings = {
				ALWAYS_EMBED_SWIFT_STANDARD_LIBRARIES = YES;
				BUNDLE_LOADER = "$(TEST_HOST)";
				CODE_SIGN_STYLE = Automatic;
				INFOPLIST_FILE = MoneyCheckerTests/Info.plist;
				LD_RUNPATH_SEARCH_PATHS = "$(inherited) @executable_path/Frameworks @loader_path/Frameworks";
				PRODUCT_BUNDLE_IDENTIFIER = RosenKostov.MoneyCheckerTests;
				PRODUCT_NAME = "$(TARGET_NAME)";
				SWIFT_VERSION = 4.0;
				TARGETED_DEVICE_FAMILY = "1,2";
				TEST_HOST = "$(BUILT_PRODUCTS_DIR)/MoneyChecker.app/MoneyChecker";
			};
			name = Release;
		};
		840C9CE31FA0DD8B00BFC6E1 /* Debug */ = {
			isa = XCBuildConfiguration;
			buildSettings = {
				ALWAYS_EMBED_SWIFT_STANDARD_LIBRARIES = YES;
				CODE_SIGN_STYLE = Automatic;
				INFOPLIST_FILE = MoneyCheckerUITests/Info.plist;
				LD_RUNPATH_SEARCH_PATHS = "$(inherited) @executable_path/Frameworks @loader_path/Frameworks";
				PRODUCT_BUNDLE_IDENTIFIER = RosenKostov.MoneyCheckerUITests;
				PRODUCT_NAME = "$(TARGET_NAME)";
				SWIFT_VERSION = 4.0;
				TARGETED_DEVICE_FAMILY = "1,2";
				TEST_TARGET_NAME = MoneyChecker;
			};
			name = Debug;
		};
		840C9CE41FA0DD8B00BFC6E1 /* Release */ = {
			isa = XCBuildConfiguration;
			buildSettings = {
				ALWAYS_EMBED_SWIFT_STANDARD_LIBRARIES = YES;
				CODE_SIGN_STYLE = Automatic;
				INFOPLIST_FILE = MoneyCheckerUITests/Info.plist;
				LD_RUNPATH_SEARCH_PATHS = "$(inherited) @executable_path/Frameworks @loader_path/Frameworks";
				PRODUCT_BUNDLE_IDENTIFIER = RosenKostov.MoneyCheckerUITests;
				PRODUCT_NAME = "$(TARGET_NAME)";
				SWIFT_VERSION = 4.0;
				TARGETED_DEVICE_FAMILY = "1,2";
				TEST_TARGET_NAME = MoneyChecker;
			};
			name = Release;
		};
/* End XCBuildConfiguration section */

/* Begin XCConfigurationList section */
		840C9CAC1FA0DD8A00BFC6E1 /* Build configuration list for PBXProject "MoneyChecker" */ = {
			isa = XCConfigurationList;
			buildConfigurations = (
				840C9CDA1FA0DD8B00BFC6E1 /* Debug */,
				840C9CDB1FA0DD8B00BFC6E1 /* Release */,
			);
			defaultConfigurationIsVisible = 0;
			defaultConfigurationName = Release;
		};
		840C9CDC1FA0DD8B00BFC6E1 /* Build configuration list for PBXNativeTarget "MoneyChecker" */ = {
			isa = XCConfigurationList;
			buildConfigurations = (
				840C9CDD1FA0DD8B00BFC6E1 /* Debug */,
				840C9CDE1FA0DD8B00BFC6E1 /* Release */,
			);
			defaultConfigurationIsVisible = 0;
			defaultConfigurationName = Release;
		};
		840C9CDF1FA0DD8B00BFC6E1 /* Build configuration list for PBXNativeTarget "MoneyCheckerTests" */ = {
			isa = XCConfigurationList;
			buildConfigurations = (
				840C9CE01FA0DD8B00BFC6E1 /* Debug */,
				840C9CE11FA0DD8B00BFC6E1 /* Release */,
			);
			defaultConfigurationIsVisible = 0;
			defaultConfigurationName = Release;
		};
		840C9CE21FA0DD8B00BFC6E1 /* Build configuration list for PBXNativeTarget "MoneyCheckerUITests" */ = {
			isa = XCConfigurationList;
			buildConfigurations = (
				840C9CE31FA0DD8B00BFC6E1 /* Debug */,
				840C9CE41FA0DD8B00BFC6E1 /* Release */,
			);
			defaultConfigurationIsVisible = 0;
			defaultConfigurationName = Release;
		};
/* End XCConfigurationList section */

/* Begin XCVersionGroup section */
		840C9CBB1FA0DD8B00BFC6E1 /* MoneyChecker.xcdatamodeld */ = {
			isa = XCVersionGroup;
			children = (
				840C9CBC1FA0DD8B00BFC6E1 /* MoneyChecker.xcdatamodel */,
			);
			currentVersion = 840C9CBC1FA0DD8B00BFC6E1 /* MoneyChecker.xcdatamodel */;
			path = MoneyChecker.xcdatamodeld;
			sourceTree = "<group>";
			versionGroupType = wrapper.xcdatamodel;
		};
/* End XCVersionGroup section */
	};
	rootObject = 840C9CA91FA0DD8A00BFC6E1 /* Project object */;
}
